
Microsoft Visual Studio Solution File, Format Version 12.00
# Visual Studio Version 17
VisualStudioVersion = 17.10.35027.167
MinimumVisualStudioVersion = 10.0.40219.1
Project("{FAE04EC0-301F-11D3-BF4B-00C04F79EFBC}") = "Memorama. Pablo y Héctor", "Memorama. Pablo y Héctor\Memorama. Pablo y Héctor.csproj", "{B31CD7D5-0DC3-4867-983C-63B99122CF48}"
EndProject
Global
	GlobalSection(SolutionConfigurationPlatforms) = preSolution
		Debug|Any CPU = Debug|Any CPU
		Release|Any CPU = Release|Any CPU
	EndGlobalSection
	GlobalSection(ProjectConfigurationPlatforms) = postSolution
		{B31CD7D5-0DC3-4867-983C-63B99122CF48}.Debug|Any CPU.ActiveCfg = Debug|Any CPU
		{B31CD7D5-0DC3-4867-983C-63B99122CF48}.Debug|Any CPU.Build.0 = Debug|Any CPU
		{B31CD7D5-0DC3-4867-983C-63B99122CF48}.Release|Any CPU.ActiveCfg = Release|Any CPU
		{B31CD7D5-0DC3-4867-983C-63B99122CF48}.Release|Any CPU.Build.0 = Release|Any CPU
	EndGlobalSection
	GlobalSection(SolutionProperties) = preSolution
		HideSolutionNode = FALSE
	EndGlobalSection
	GlobalSection(ExtensibilityGlobals) = postSolution
		SolutionGuid = {EE6A7446-8591-4A11-94EE-A9E9E2C58D3B}
	EndGlobalSection
EndGlobal
